
Microsoft Visual Studio Solution File, Format Version 12.00
# Visual Studio Version 17
VisualStudioVersion = 17.0.31903.59
MinimumVisualStudioVersion = 10.0.40219.1
Project("{FAE04EC0-301F-11D3-BF4B-00C04F79EFBC}") = "singleinstanceservice", "singleinstanceservice\singleinstanceservice.csproj", "{3C3EF503-5FFC-44B3-B505-055516072E9E}"
EndProject
Project("{FAE04EC0-301F-11D3-BF4B-00C04F79EFBC}") = "singleinstanceservice.demo", "singleinstanceservice.demo\singleinstanceservice.demo.csproj", "{D1553542-324C-45FC-9C6D-4182744E4F0B}"
EndProject
Global
	GlobalSection(SolutionConfigurationPlatforms) = preSolution
		Debug|Any CPU = Debug|Any CPU
		Release|Any CPU = Release|Any CPU
	EndGlobalSection
	GlobalSection(SolutionProperties) = preSolution
		HideSolutionNode = FALSE
	EndGlobalSection
	GlobalSection(ProjectConfigurationPlatforms) = postSolution
		{3C3EF503-5FFC-44B3-B505-055516072E9E}.Debug|Any CPU.ActiveCfg = Debug|Any CPU
		{3C3EF503-5FFC-44B3-B505-055516072E9E}.Debug|Any CPU.Build.0 = Debug|Any CPU
		{3C3EF503-5FFC-44B3-B505-055516072E9E}.Release|Any CPU.ActiveCfg = Release|Any CPU
		{3C3EF503-5FFC-44B3-B505-055516072E9E}.Release|Any CPU.Build.0 = Release|Any CPU
		{D1553542-324C-45FC-9C6D-4182744E4F0B}.Debug|Any CPU.ActiveCfg = Debug|Any CPU
		{D1553542-324C-45FC-9C6D-4182744E4F0B}.Debug|Any CPU.Build.0 = Debug|Any CPU
		{D1553542-324C-45FC-9C6D-4182744E4F0B}.Release|Any CPU.ActiveCfg = Release|Any CPU
		{D1553542-324C-45FC-9C6D-4182744E4F0B}.Release|Any CPU.Build.0 = Release|Any CPU
	EndGlobalSection
EndGlobal
